// !$*UTF8*$!
{
	archiveVersion = 1;
	classes = {
	};
	objectVersion = 51;
	objects = {

/* Begin PBXBuildFile section */
		099603BCE0EEA53B9D20DA32 /* Pods_Booster.framework in Frameworks */ = {isa = PBXBuildFile; fileRef = 914771C07D11C5A5E6DFC8B4 /* Pods_Booster.framework */; };
		8DEDC2D64F3E1358A5920590 /* Pods_Booster_BoosterUITests.framework in Frameworks */ = {isa = PBXBuildFile; fileRef = 2D3D2ACB3821194FDEE7982B /* Pods_Booster_BoosterUITests.framework */; };
		CC1233CF24B3544D0049F7A4 /* StatusHs.storyboard in Resources */ = {isa = PBXBuildFile; fileRef = CC1233CE24B3544D0049F7A4 /* StatusHs.storyboard */; };
		CC1233D124B354830049F7A4 /* StatusHsViewController.swift in Sources */ = {isa = PBXBuildFile; fileRef = CC1233D024B354830049F7A4 /* StatusHsViewController.swift */; };
		CC1233D324B363AC0049F7A4 /* StatusHsCell.swift in Sources */ = {isa = PBXBuildFile; fileRef = CC1233D224B363AC0049F7A4 /* StatusHsCell.swift */; };
		CC1233D524B45F200049F7A4 /* StatusInformation.swift in Sources */ = {isa = PBXBuildFile; fileRef = CC1233D424B45F200049F7A4 /* StatusInformation.swift */; };
		CC1233D724B47FE50049F7A4 /* CancelOrderViewController.swift in Sources */ = {isa = PBXBuildFile; fileRef = CC1233D624B47FE50049F7A4 /* CancelOrderViewController.swift */; };
		CC1233D924B4B0040049F7A4 /* OrderHs.storyboard in Resources */ = {isa = PBXBuildFile; fileRef = CC1233D824B4B0040049F7A4 /* OrderHs.storyboard */; };
		CC18782924B6085600830F0E /* StructModels.swift in Sources */ = {isa = PBXBuildFile; fileRef = CC18782824B6085600830F0E /* StructModels.swift */; };
		CC18782B24B60AF700830F0E /* OrderHsViewController.swift in Sources */ = {isa = PBXBuildFile; fileRef = CC18782A24B60AF700830F0E /* OrderHsViewController.swift */; };
		CC18782D24B61FAA00830F0E /* ChangeRangeViewController.swift in Sources */ = {isa = PBXBuildFile; fileRef = CC18782C24B61FAA00830F0E /* ChangeRangeViewController.swift */; };
		CC18782F24B63BD800830F0E /* ChangePagesViewController.swift in Sources */ = {isa = PBXBuildFile; fileRef = CC18782E24B63BD800830F0E /* ChangePagesViewController.swift */; };
		CC28996124BB212F00F9C822 /* ShowOptionViewController.swift in Sources */ = {isa = PBXBuildFile; fileRef = CC28996024BB212F00F9C822 /* ShowOptionViewController.swift */; };
		CC3AB86024B666F30007662E /* PayTableViewCell.swift in Sources */ = {isa = PBXBuildFile; fileRef = CC3AB85F24B666F30007662E /* PayTableViewCell.swift */; };
		CC3AB86224B6671D0007662E /* PayViewController.swift in Sources */ = {isa = PBXBuildFile; fileRef = CC3AB86124B6671D0007662E /* PayViewController.swift */; };
		CCE019E324B2D13A0067F721 /* SearchHs.storyboard in Resources */ = {isa = PBXBuildFile; fileRef = CCE019E224B2D13A0067F721 /* SearchHs.storyboard */; };
		CCE019E524B2D1CB0067F721 /* MapViewController.swift in Sources */ = {isa = PBXBuildFile; fileRef = CCE019E424B2D1CB0067F721 /* MapViewController.swift */; };
		CCE019E724B2D7CA0067F721 /* StoreDetailViewController.swift in Sources */ = {isa = PBXBuildFile; fileRef = CCE019E624B2D7CA0067F721 /* StoreDetailViewController.swift */; };
		D37338012F3166BBDF741F1C /* Pods_BoosterTests.framework in Frameworks */ = {isa = PBXBuildFile; fileRef = BF5F3976B85D8FEDD0677FC6 /* Pods_BoosterTests.framework */; };
		DA2BC40224AB4BA300013143 /* AppDelegate.swift in Sources */ = {isa = PBXBuildFile; fileRef = DA2BC40124AB4BA300013143 /* AppDelegate.swift */; };
		DA2BC40424AB4BA300013143 /* SceneDelegate.swift in Sources */ = {isa = PBXBuildFile; fileRef = DA2BC40324AB4BA300013143 /* SceneDelegate.swift */; };
		DA2BC40B24AB4BA600013143 /* Assets.xcassets in Resources */ = {isa = PBXBuildFile; fileRef = DA2BC40A24AB4BA600013143 /* Assets.xcassets */; };
		DA2BC40E24AB4BA600013143 /* LaunchScreen.storyboard in Resources */ = {isa = PBXBuildFile; fileRef = DA2BC40C24AB4BA600013143 /* LaunchScreen.storyboard */; };
		DA2BC41924AB4BA600013143 /* BoosterTests.swift in Sources */ = {isa = PBXBuildFile; fileRef = DA2BC41824AB4BA600013143 /* BoosterTests.swift */; };
		DA2BC42424AB4BA600013143 /* BoosterUITests.swift in Sources */ = {isa = PBXBuildFile; fileRef = DA2BC42324AB4BA600013143 /* BoosterUITests.swift */; };
		DA6897A524BAA3FA009E3BB5 /* SignUpViewController.swift in Sources */ = {isa = PBXBuildFile; fileRef = DA6897A424BAA3FA009E3BB5 /* SignUpViewController.swift */; };
		DA6D64D924B644E200215BE4 /* testViewController.swift in Sources */ = {isa = PBXBuildFile; fileRef = DA6D64D824B644E200215BE4 /* testViewController.swift */; };
		DA95BDA124B2DA7D00BC1F60 /* StoreCollectionViewCell.swift in Sources */ = {isa = PBXBuildFile; fileRef = DA95BDA024B2DA7D00BC1F60 /* StoreCollectionViewCell.swift */; };
		DA95BDA324B2FB7300BC1F60 /* univTableViewCell.swift in Sources */ = {isa = PBXBuildFile; fileRef = DA95BDA224B2FB7300BC1F60 /* univTableViewCell.swift */; };
		DA95BDA524B3623A00BC1F60 /* WaitingListViewController.swift in Sources */ = {isa = PBXBuildFile; fileRef = DA95BDA424B3623A00BC1F60 /* WaitingListViewController.swift */; };
		DAC4D1CD24B4A8AA0025EC1C /* OrderCollectionViewCell.swift in Sources */ = {isa = PBXBuildFile; fileRef = DAC4D1CC24B4A8AA0025EC1C /* OrderCollectionViewCell.swift */; };
		DACA38F924B229650025E230 /* mainTab.storyboard in Resources */ = {isa = PBXBuildFile; fileRef = DACA38F824B229650025E230 /* mainTab.storyboard */; };
		DACA38FB24B22A5E0025E230 /* MainTabBarController.swift in Sources */ = {isa = PBXBuildFile; fileRef = DACA38FA24B22A5E0025E230 /* MainTabBarController.swift */; };
		DACA38FF24B22D0C0025E230 /* Home.storyboard in Resources */ = {isa = PBXBuildFile; fileRef = DACA38FE24B22D0C0025E230 /* Home.storyboard */; };
		DACA390124B22D410025E230 /* HomeViewController.swift in Sources */ = {isa = PBXBuildFile; fileRef = DACA390024B22D410025E230 /* HomeViewController.swift */; };
		DACA390524B231640025E230 /* SearchViewController.swift in Sources */ = {isa = PBXBuildFile; fileRef = DACA390424B231640025E230 /* SearchViewController.swift */; };
		DACA390724B231710025E230 /* Search.storyboard in Resources */ = {isa = PBXBuildFile; fileRef = DACA390624B231710025E230 /* Search.storyboard */; };
		DACA390924B231880025E230 /* Order.storyboard in Resources */ = {isa = PBXBuildFile; fileRef = DACA390824B231880025E230 /* Order.storyboard */; };
		DACA390B24B231970025E230 /* OrderViewController.swift in Sources */ = {isa = PBXBuildFile; fileRef = DACA390A24B231970025E230 /* OrderViewController.swift */; };
		DACA390E24B231AE0025E230 /* StatusViewController.swift in Sources */ = {isa = PBXBuildFile; fileRef = DACA390D24B231AE0025E230 /* StatusViewController.swift */; };
		DACA391024B231E20025E230 /* Status.storyboard in Resources */ = {isa = PBXBuildFile; fileRef = DACA390F24B231E20025E230 /* Status.storyboard */; };
		DACA391224B231F40025E230 /* MyPage.storyboard in Resources */ = {isa = PBXBuildFile; fileRef = DACA391124B231F40025E230 /* MyPage.storyboard */; };
		DACA391424B232020025E230 /* MyPageViewController.swift in Sources */ = {isa = PBXBuildFile; fileRef = DACA391324B232020025E230 /* MyPageViewController.swift */; };
		DACA391824B23ADA0025E230 /* LogInViewController.swift in Sources */ = {isa = PBXBuildFile; fileRef = DACA391724B23ADA0025E230 /* LogInViewController.swift */; };
		DACA391A24B23AEB0025E230 /* LogIn.storyboard in Resources */ = {isa = PBXBuildFile; fileRef = DACA391924B23AEB0025E230 /* LogIn.storyboard */; };
		DACA391C24B2BAEA0025E230 /* UnivSelectViewController.swift in Sources */ = {isa = PBXBuildFile; fileRef = DACA391B24B2BAEA0025E230 /* UnivSelectViewController.swift */; };
		DACA392124B2C0030025E230 /* SnapShotScreen.swift in Sources */ = {isa = PBXBuildFile; fileRef = DACA392024B2C0030025E230 /* SnapShotScreen.swift */; };
		DACB87C524B6C532006E0AED /* APIConstraints.swift in Sources */ = {isa = PBXBuildFile; fileRef = DACB87C424B6C532006E0AED /* APIConstraints.swift */; };
		DACB87C724B6FE2B006E0AED /* EmptyCollectionViewCell.swift in Sources */ = {isa = PBXBuildFile; fileRef = DACB87C624B6FE2B006E0AED /* EmptyCollectionViewCell.swift */; };
		DAD179A324B4BF40009BFECC /* OrderCollectionViewHeader.swift in Sources */ = {isa = PBXBuildFile; fileRef = DAD179A224B4BF40009BFECC /* OrderCollectionViewHeader.swift */; };
		DAD179A524B58226009BFECC /* WaitCollectionViewHeader.swift in Sources */ = {isa = PBXBuildFile; fileRef = DAD179A424B58226009BFECC /* WaitCollectionViewHeader.swift */; };
		DAD179A724B5823E009BFECC /* WaitCollectionViewCell.swift in Sources */ = {isa = PBXBuildFile; fileRef = DAD179A624B5823E009BFECC /* WaitCollectionViewCell.swift */; };
		DAD179A924B5824E009BFECC /* AddCollectionViewCell.swift in Sources */ = {isa = PBXBuildFile; fileRef = DAD179A824B5824E009BFECC /* AddCollectionViewCell.swift */; };
/* End PBXBuildFile section */

/* Begin PBXContainerItemProxy section */
		DA2BC41524AB4BA600013143 /* PBXContainerItemProxy */ = {
			isa = PBXContainerItemProxy;
			containerPortal = DA2BC3F624AB4BA300013143 /* Project object */;
			proxyType = 1;
			remoteGlobalIDString = DA2BC3FD24AB4BA300013143;
			remoteInfo = Booster;
		};
		DA2BC42024AB4BA600013143 /* PBXContainerItemProxy */ = {
			isa = PBXContainerItemProxy;
			containerPortal = DA2BC3F624AB4BA300013143 /* Project object */;
			proxyType = 1;
			remoteGlobalIDString = DA2BC3FD24AB4BA300013143;
			remoteInfo = Booster;
		};
/* End PBXContainerItemProxy section */

/* Begin PBXFileReference section */
		0492869B94BAE57E36EB3D97 /* Pods-BoosterTests.debug.xcconfig */ = {isa = PBXFileReference; includeInIndex = 1; lastKnownFileType = text.xcconfig; name = "Pods-BoosterTests.debug.xcconfig"; path = "Target Support Files/Pods-BoosterTests/Pods-BoosterTests.debug.xcconfig"; sourceTree = "<group>"; };
		10AECF3E9E0951BF74B5AA70 /* Pods-Booster-BoosterUITests.debug.xcconfig */ = {isa = PBXFileReference; includeInIndex = 1; lastKnownFileType = text.xcconfig; name = "Pods-Booster-BoosterUITests.debug.xcconfig"; path = "Target Support Files/Pods-Booster-BoosterUITests/Pods-Booster-BoosterUITests.debug.xcconfig"; sourceTree = "<group>"; };
		2D3D2ACB3821194FDEE7982B /* Pods_Booster_BoosterUITests.framework */ = {isa = PBXFileReference; explicitFileType = wrapper.framework; includeInIndex = 0; path = Pods_Booster_BoosterUITests.framework; sourceTree = BUILT_PRODUCTS_DIR; };
		310FAB17DD96284C91015CD2 /* Pods-Booster.debug.xcconfig */ = {isa = PBXFileReference; includeInIndex = 1; lastKnownFileType = text.xcconfig; name = "Pods-Booster.debug.xcconfig"; path = "Target Support Files/Pods-Booster/Pods-Booster.debug.xcconfig"; sourceTree = "<group>"; };
		914771C07D11C5A5E6DFC8B4 /* Pods_Booster.framework */ = {isa = PBXFileReference; explicitFileType = wrapper.framework; includeInIndex = 0; path = Pods_Booster.framework; sourceTree = BUILT_PRODUCTS_DIR; };
		A60AF9142B5D7975299C506E /* Pods-Booster-BoosterUITests.release.xcconfig */ = {isa = PBXFileReference; includeInIndex = 1; lastKnownFileType = text.xcconfig; name = "Pods-Booster-BoosterUITests.release.xcconfig"; path = "Target Support Files/Pods-Booster-BoosterUITests/Pods-Booster-BoosterUITests.release.xcconfig"; sourceTree = "<group>"; };
		B4FE09C82524C313ED6A8771 /* Pods-BoosterTests.release.xcconfig */ = {isa = PBXFileReference; includeInIndex = 1; lastKnownFileType = text.xcconfig; name = "Pods-BoosterTests.release.xcconfig"; path = "Target Support Files/Pods-BoosterTests/Pods-BoosterTests.release.xcconfig"; sourceTree = "<group>"; };
		BF5F3976B85D8FEDD0677FC6 /* Pods_BoosterTests.framework */ = {isa = PBXFileReference; explicitFileType = wrapper.framework; includeInIndex = 0; path = Pods_BoosterTests.framework; sourceTree = BUILT_PRODUCTS_DIR; };
		CC1233CE24B3544D0049F7A4 /* StatusHs.storyboard */ = {isa = PBXFileReference; lastKnownFileType = file.storyboard; path = StatusHs.storyboard; sourceTree = "<group>"; };
		CC1233D024B354830049F7A4 /* StatusHsViewController.swift */ = {isa = PBXFileReference; lastKnownFileType = sourcecode.swift; path = StatusHsViewController.swift; sourceTree = "<group>"; };
		CC1233D224B363AC0049F7A4 /* StatusHsCell.swift */ = {isa = PBXFileReference; lastKnownFileType = sourcecode.swift; path = StatusHsCell.swift; sourceTree = "<group>"; };
		CC1233D424B45F200049F7A4 /* StatusInformation.swift */ = {isa = PBXFileReference; lastKnownFileType = sourcecode.swift; path = StatusInformation.swift; sourceTree = "<group>"; };
		CC1233D624B47FE50049F7A4 /* CancelOrderViewController.swift */ = {isa = PBXFileReference; lastKnownFileType = sourcecode.swift; path = CancelOrderViewController.swift; sourceTree = "<group>"; };
		CC1233D824B4B0040049F7A4 /* OrderHs.storyboard */ = {isa = PBXFileReference; lastKnownFileType = file.storyboard; path = OrderHs.storyboard; sourceTree = "<group>"; };
		CC18782824B6085600830F0E /* StructModels.swift */ = {isa = PBXFileReference; lastKnownFileType = sourcecode.swift; path = StructModels.swift; sourceTree = "<group>"; };
		CC18782A24B60AF700830F0E /* OrderHsViewController.swift */ = {isa = PBXFileReference; lastKnownFileType = sourcecode.swift; path = OrderHsViewController.swift; sourceTree = "<group>"; };
		CC18782C24B61FAA00830F0E /* ChangeRangeViewController.swift */ = {isa = PBXFileReference; lastKnownFileType = sourcecode.swift; path = ChangeRangeViewController.swift; sourceTree = "<group>"; };
		CC18782E24B63BD800830F0E /* ChangePagesViewController.swift */ = {isa = PBXFileReference; lastKnownFileType = sourcecode.swift; path = ChangePagesViewController.swift; sourceTree = "<group>"; };
		CC28996024BB212F00F9C822 /* ShowOptionViewController.swift */ = {isa = PBXFileReference; lastKnownFileType = sourcecode.swift; path = ShowOptionViewController.swift; sourceTree = "<group>"; };
		CC3AB85F24B666F30007662E /* PayTableViewCell.swift */ = {isa = PBXFileReference; lastKnownFileType = sourcecode.swift; path = PayTableViewCell.swift; sourceTree = "<group>"; };
		CC3AB86124B6671D0007662E /* PayViewController.swift */ = {isa = PBXFileReference; lastKnownFileType = sourcecode.swift; path = PayViewController.swift; sourceTree = "<group>"; };
		CCE019E224B2D13A0067F721 /* SearchHs.storyboard */ = {isa = PBXFileReference; lastKnownFileType = file.storyboard; path = SearchHs.storyboard; sourceTree = "<group>"; };
		CCE019E424B2D1CB0067F721 /* MapViewController.swift */ = {isa = PBXFileReference; lastKnownFileType = sourcecode.swift; path = MapViewController.swift; sourceTree = "<group>"; };
		CCE019E624B2D7CA0067F721 /* StoreDetailViewController.swift */ = {isa = PBXFileReference; lastKnownFileType = sourcecode.swift; path = StoreDetailViewController.swift; sourceTree = "<group>"; };
		DA2BC3FE24AB4BA300013143 /* Booster.app */ = {isa = PBXFileReference; explicitFileType = wrapper.application; includeInIndex = 0; path = Booster.app; sourceTree = BUILT_PRODUCTS_DIR; };
		DA2BC40124AB4BA300013143 /* AppDelegate.swift */ = {isa = PBXFileReference; lastKnownFileType = sourcecode.swift; path = AppDelegate.swift; sourceTree = "<group>"; };
		DA2BC40324AB4BA300013143 /* SceneDelegate.swift */ = {isa = PBXFileReference; lastKnownFileType = sourcecode.swift; path = SceneDelegate.swift; sourceTree = "<group>"; };
		DA2BC40A24AB4BA600013143 /* Assets.xcassets */ = {isa = PBXFileReference; lastKnownFileType = folder.assetcatalog; path = Assets.xcassets; sourceTree = "<group>"; };
		DA2BC40D24AB4BA600013143 /* Base */ = {isa = PBXFileReference; lastKnownFileType = file.storyboard; name = Base; path = Base.lproj/LaunchScreen.storyboard; sourceTree = "<group>"; };
		DA2BC40F24AB4BA600013143 /* Info.plist */ = {isa = PBXFileReference; lastKnownFileType = text.plist.xml; path = Info.plist; sourceTree = "<group>"; };
		DA2BC41424AB4BA600013143 /* BoosterTests.xctest */ = {isa = PBXFileReference; explicitFileType = wrapper.cfbundle; includeInIndex = 0; path = BoosterTests.xctest; sourceTree = BUILT_PRODUCTS_DIR; };
		DA2BC41824AB4BA600013143 /* BoosterTests.swift */ = {isa = PBXFileReference; lastKnownFileType = sourcecode.swift; path = BoosterTests.swift; sourceTree = "<group>"; };
		DA2BC41A24AB4BA600013143 /* Info.plist */ = {isa = PBXFileReference; lastKnownFileType = text.plist.xml; path = Info.plist; sourceTree = "<group>"; };
		DA2BC41F24AB4BA600013143 /* BoosterUITests.xctest */ = {isa = PBXFileReference; explicitFileType = wrapper.cfbundle; includeInIndex = 0; path = BoosterUITests.xctest; sourceTree = BUILT_PRODUCTS_DIR; };
		DA2BC42324AB4BA600013143 /* BoosterUITests.swift */ = {isa = PBXFileReference; lastKnownFileType = sourcecode.swift; path = BoosterUITests.swift; sourceTree = "<group>"; };
		DA2BC42524AB4BA600013143 /* Info.plist */ = {isa = PBXFileReference; lastKnownFileType = text.plist.xml; path = Info.plist; sourceTree = "<group>"; };
		DA6897A424BAA3FA009E3BB5 /* SignUpViewController.swift */ = {isa = PBXFileReference; lastKnownFileType = sourcecode.swift; path = SignUpViewController.swift; sourceTree = "<group>"; };
		DA6D64D824B644E200215BE4 /* testViewController.swift */ = {isa = PBXFileReference; lastKnownFileType = sourcecode.swift; path = testViewController.swift; sourceTree = "<group>"; };
		DA95BDA024B2DA7D00BC1F60 /* StoreCollectionViewCell.swift */ = {isa = PBXFileReference; lastKnownFileType = sourcecode.swift; path = StoreCollectionViewCell.swift; sourceTree = "<group>"; };
		DA95BDA224B2FB7300BC1F60 /* univTableViewCell.swift */ = {isa = PBXFileReference; lastKnownFileType = sourcecode.swift; path = univTableViewCell.swift; sourceTree = "<group>"; };
		DA95BDA424B3623A00BC1F60 /* WaitingListViewController.swift */ = {isa = PBXFileReference; lastKnownFileType = sourcecode.swift; path = WaitingListViewController.swift; sourceTree = "<group>"; };
		DAC4D1CC24B4A8AA0025EC1C /* OrderCollectionViewCell.swift */ = {isa = PBXFileReference; lastKnownFileType = sourcecode.swift; path = OrderCollectionViewCell.swift; sourceTree = "<group>"; };
		DACA38F824B229650025E230 /* mainTab.storyboard */ = {isa = PBXFileReference; lastKnownFileType = file.storyboard; path = mainTab.storyboard; sourceTree = "<group>"; };
		DACA38FA24B22A5E0025E230 /* MainTabBarController.swift */ = {isa = PBXFileReference; lastKnownFileType = sourcecode.swift; path = MainTabBarController.swift; sourceTree = "<group>"; };
		DACA38FE24B22D0C0025E230 /* Home.storyboard */ = {isa = PBXFileReference; lastKnownFileType = file.storyboard; path = Home.storyboard; sourceTree = "<group>"; };
		DACA390024B22D410025E230 /* HomeViewController.swift */ = {isa = PBXFileReference; lastKnownFileType = sourcecode.swift; path = HomeViewController.swift; sourceTree = "<group>"; };
		DACA390424B231640025E230 /* SearchViewController.swift */ = {isa = PBXFileReference; lastKnownFileType = sourcecode.swift; path = SearchViewController.swift; sourceTree = "<group>"; };
		DACA390624B231710025E230 /* Search.storyboard */ = {isa = PBXFileReference; lastKnownFileType = file.storyboard; path = Search.storyboard; sourceTree = "<group>"; };
		DACA390824B231880025E230 /* Order.storyboard */ = {isa = PBXFileReference; lastKnownFileType = file.storyboard; path = Order.storyboard; sourceTree = "<group>"; };
		DACA390A24B231970025E230 /* OrderViewController.swift */ = {isa = PBXFileReference; lastKnownFileType = sourcecode.swift; path = OrderViewController.swift; sourceTree = "<group>"; };
		DACA390D24B231AE0025E230 /* StatusViewController.swift */ = {isa = PBXFileReference; lastKnownFileType = sourcecode.swift; path = StatusViewController.swift; sourceTree = "<group>"; };
		DACA390F24B231E20025E230 /* Status.storyboard */ = {isa = PBXFileReference; lastKnownFileType = file.storyboard; path = Status.storyboard; sourceTree = "<group>"; };
		DACA391124B231F40025E230 /* MyPage.storyboard */ = {isa = PBXFileReference; lastKnownFileType = file.storyboard; path = MyPage.storyboard; sourceTree = "<group>"; };
		DACA391324B232020025E230 /* MyPageViewController.swift */ = {isa = PBXFileReference; lastKnownFileType = sourcecode.swift; path = MyPageViewController.swift; sourceTree = "<group>"; };
		DACA391724B23ADA0025E230 /* LogInViewController.swift */ = {isa = PBXFileReference; lastKnownFileType = sourcecode.swift; path = LogInViewController.swift; sourceTree = "<group>"; };
		DACA391924B23AEB0025E230 /* LogIn.storyboard */ = {isa = PBXFileReference; lastKnownFileType = file.storyboard; path = LogIn.storyboard; sourceTree = "<group>"; };
		DACA391B24B2BAEA0025E230 /* UnivSelectViewController.swift */ = {isa = PBXFileReference; lastKnownFileType = sourcecode.swift; path = UnivSelectViewController.swift; sourceTree = "<group>"; };
		DACA392024B2C0030025E230 /* SnapShotScreen.swift */ = {isa = PBXFileReference; lastKnownFileType = sourcecode.swift; path = SnapShotScreen.swift; sourceTree = "<group>"; };
		DACB87C424B6C532006E0AED /* APIConstraints.swift */ = {isa = PBXFileReference; lastKnownFileType = sourcecode.swift; path = APIConstraints.swift; sourceTree = "<group>"; };
		DACB87C624B6FE2B006E0AED /* EmptyCollectionViewCell.swift */ = {isa = PBXFileReference; lastKnownFileType = sourcecode.swift; path = EmptyCollectionViewCell.swift; sourceTree = "<group>"; };
		DAD179A224B4BF40009BFECC /* OrderCollectionViewHeader.swift */ = {isa = PBXFileReference; lastKnownFileType = sourcecode.swift; path = OrderCollectionViewHeader.swift; sourceTree = "<group>"; };
		DAD179A424B58226009BFECC /* WaitCollectionViewHeader.swift */ = {isa = PBXFileReference; lastKnownFileType = sourcecode.swift; path = WaitCollectionViewHeader.swift; sourceTree = "<group>"; };
		DAD179A624B5823E009BFECC /* WaitCollectionViewCell.swift */ = {isa = PBXFileReference; lastKnownFileType = sourcecode.swift; path = WaitCollectionViewCell.swift; sourceTree = "<group>"; };
		DAD179A824B5824E009BFECC /* AddCollectionViewCell.swift */ = {isa = PBXFileReference; lastKnownFileType = sourcecode.swift; path = AddCollectionViewCell.swift; sourceTree = "<group>"; };
		EA9E906D8C1B39603966245B /* Pods-Booster.release.xcconfig */ = {isa = PBXFileReference; includeInIndex = 1; lastKnownFileType = text.xcconfig; name = "Pods-Booster.release.xcconfig"; path = "Target Support Files/Pods-Booster/Pods-Booster.release.xcconfig"; sourceTree = "<group>"; };
/* End PBXFileReference section */

/* Begin PBXFrameworksBuildPhase section */
		DA2BC3FB24AB4BA300013143 /* Frameworks */ = {
			isa = PBXFrameworksBuildPhase;
			buildActionMask = 2147483647;
			files = (
				099603BCE0EEA53B9D20DA32 /* Pods_Booster.framework in Frameworks */,
			);
			runOnlyForDeploymentPostprocessing = 0;
		};
		DA2BC41124AB4BA600013143 /* Frameworks */ = {
			isa = PBXFrameworksBuildPhase;
			buildActionMask = 2147483647;
			files = (
				D37338012F3166BBDF741F1C /* Pods_BoosterTests.framework in Frameworks */,
			);
			runOnlyForDeploymentPostprocessing = 0;
		};
		DA2BC41C24AB4BA600013143 /* Frameworks */ = {
			isa = PBXFrameworksBuildPhase;
			buildActionMask = 2147483647;
			files = (
				8DEDC2D64F3E1358A5920590 /* Pods_Booster_BoosterUITests.framework in Frameworks */,
			);
			runOnlyForDeploymentPostprocessing = 0;
		};
/* End PBXFrameworksBuildPhase section */

/* Begin PBXGroup section */
		4875C25584C574C4A4CB7BF5 /* Pods */ = {
			isa = PBXGroup;
			children = (
				310FAB17DD96284C91015CD2 /* Pods-Booster.debug.xcconfig */,
				EA9E906D8C1B39603966245B /* Pods-Booster.release.xcconfig */,
				10AECF3E9E0951BF74B5AA70 /* Pods-Booster-BoosterUITests.debug.xcconfig */,
				A60AF9142B5D7975299C506E /* Pods-Booster-BoosterUITests.release.xcconfig */,
				0492869B94BAE57E36EB3D97 /* Pods-BoosterTests.debug.xcconfig */,
				B4FE09C82524C313ED6A8771 /* Pods-BoosterTests.release.xcconfig */,
			);
			path = Pods;
			sourceTree = "<group>";
		};
		BA92362C99614D2A9B1A182C /* Frameworks */ = {
			isa = PBXGroup;
			children = (
				914771C07D11C5A5E6DFC8B4 /* Pods_Booster.framework */,
				2D3D2ACB3821194FDEE7982B /* Pods_Booster_BoosterUITests.framework */,
				BF5F3976B85D8FEDD0677FC6 /* Pods_BoosterTests.framework */,
			);
			name = Frameworks;
			sourceTree = "<group>";
		};
		DA2BC3F524AB4BA300013143 = {
			isa = PBXGroup;
			children = (
				DA2BC40024AB4BA300013143 /* Booster */,
				DA2BC41724AB4BA600013143 /* BoosterTests */,
				DA2BC42224AB4BA600013143 /* BoosterUITests */,
				DA2BC3FF24AB4BA300013143 /* Products */,
				4875C25584C574C4A4CB7BF5 /* Pods */,
				BA92362C99614D2A9B1A182C /* Frameworks */,
			);
			sourceTree = "<group>";
		};
		DA2BC3FF24AB4BA300013143 /* Products */ = {
			isa = PBXGroup;
			children = (
				DA2BC3FE24AB4BA300013143 /* Booster.app */,
				DA2BC41424AB4BA600013143 /* BoosterTests.xctest */,
				DA2BC41F24AB4BA600013143 /* BoosterUITests.xctest */,
			);
			name = Products;
			sourceTree = "<group>";
		};
		DA2BC40024AB4BA300013143 /* Booster */ = {
			isa = PBXGroup;
			children = (
				DA2BC40A24AB4BA600013143 /* Assets.xcassets */,
				DA2BC43124AB564500013143 /* API_and_Fonts */,
				DA2BC43224AB566100013143 /* Models_and_Extensions */,
				DACA38E024B217040025E230 /* Home */,
				DACA38E124B2170B0025E230 /* Search */,
				DACA38E224B217320025E230 /* Order */,
				DACA38E324B217400025E230 /* Status */,
				DACA38E424B2174A0025E230 /* Mypage */,
				DACA38DF24B216E10025E230 /* Login_Signin */,
				DA2BC40F24AB4BA600013143 /* Info.plist */,
				DA2BC40C24AB4BA600013143 /* LaunchScreen.storyboard */,
				DACA38F824B229650025E230 /* mainTab.storyboard */,
				DACA38FA24B22A5E0025E230 /* MainTabBarController.swift */,
			);
			path = Booster;
			sourceTree = "<group>";
		};
		DA2BC41724AB4BA600013143 /* BoosterTests */ = {
			isa = PBXGroup;
			children = (
				DA2BC41824AB4BA600013143 /* BoosterTests.swift */,
				DA2BC41A24AB4BA600013143 /* Info.plist */,
			);
			path = BoosterTests;
			sourceTree = "<group>";
		};
		DA2BC42224AB4BA600013143 /* BoosterUITests */ = {
			isa = PBXGroup;
			children = (
				DA2BC42324AB4BA600013143 /* BoosterUITests.swift */,
				DA2BC42524AB4BA600013143 /* Info.plist */,
			);
			path = BoosterUITests;
			sourceTree = "<group>";
		};
		DA2BC43124AB564500013143 /* API_and_Fonts */ = {
			isa = PBXGroup;
			children = (
				DA2BC43924AB580500013143 /* API */,
				DA2BC43A24AB5F0500013143 /* Fonts */,
			);
			path = API_and_Fonts;
			sourceTree = "<group>";
		};
		DA2BC43224AB566100013143 /* Models_and_Extensions */ = {
			isa = PBXGroup;
			children = (
				DA2BC40124AB4BA300013143 /* AppDelegate.swift */,
				DA2BC40324AB4BA300013143 /* SceneDelegate.swift */,
				DA2BC43724AB576800013143 /* Extensions */,
				DA2BC43624AB576100013143 /* Models */,
			);
			path = Models_and_Extensions;
			sourceTree = "<group>";
		};
		DA2BC43624AB576100013143 /* Models */ = {
			isa = PBXGroup;
			children = (
				CC18782824B6085600830F0E /* StructModels.swift */,
			);
			path = Models;
			sourceTree = "<group>";
		};
		DA2BC43724AB576800013143 /* Extensions */ = {
			isa = PBXGroup;
			children = (
			);
			path = Extensions;
			sourceTree = "<group>";
		};
		DA2BC43924AB580500013143 /* API */ = {
			isa = PBXGroup;
			children = (
				DACB87C424B6C532006E0AED /* APIConstraints.swift */,
			);
			path = API;
			sourceTree = "<group>";
		};
		DA2BC43A24AB5F0500013143 /* Fonts */ = {
			isa = PBXGroup;
			children = (
			);
			path = Fonts;
			sourceTree = "<group>";
		};
		DA95BD9F24B2DA5300BC1F60 /* Cells */ = {
			isa = PBXGroup;
			children = (
				DA95BDA024B2DA7D00BC1F60 /* StoreCollectionViewCell.swift */,
				DA95BDA224B2FB7300BC1F60 /* univTableViewCell.swift */,
			);
			path = Cells;
			sourceTree = "<group>";
		};
		DA95BDA624B38A0800BC1F60 /* Cells */ = {
			isa = PBXGroup;
			children = (
				DAC4D1CC24B4A8AA0025EC1C /* OrderCollectionViewCell.swift */,
				DAD179A224B4BF40009BFECC /* OrderCollectionViewHeader.swift */,
				DAD179A424B58226009BFECC /* WaitCollectionViewHeader.swift */,
				DAD179A624B5823E009BFECC /* WaitCollectionViewCell.swift */,
				DAD179A824B5824E009BFECC /* AddCollectionViewCell.swift */,
				CC3AB85F24B666F30007662E /* PayTableViewCell.swift */,
				DACB87C624B6FE2B006E0AED /* EmptyCollectionViewCell.swift */,
			);
			path = Cells;
			sourceTree = "<group>";
		};
		DACA38DF24B216E10025E230 /* Login_Signin */ = {
			isa = PBXGroup;
			children = (
				DACA38F024B226620025E230 /* Resources */,
				DACA38EF24B2265C0025E230 /* Sources */,
			);
			path = Login_Signin;
			sourceTree = "<group>";
		};
		DACA38E024B217040025E230 /* Home */ = {
			isa = PBXGroup;
			children = (
				DACA38EE24B226540025E230 /* Resources */,
				DACA38ED24B2264E0025E230 /* Sources */,
			);
			path = Home;
			sourceTree = "<group>";
		};
		DACA38E124B2170B0025E230 /* Search */ = {
			isa = PBXGroup;
			children = (
				DACA38EC24B226490025E230 /* Resources */,
				DACA38EB24B2263F0025E230 /* Sources */,
			);
			path = Search;
			sourceTree = "<group>";
		};
		DACA38E224B217320025E230 /* Order */ = {
			isa = PBXGroup;
			children = (
				DACA38EA24B226350025E230 /* Resources */,
				DACA38E924B21ADB0025E230 /* Sources */,
			);
			path = Order;
			sourceTree = "<group>";
		};
		DACA38E324B217400025E230 /* Status */ = {
			isa = PBXGroup;
			children = (
				DACA38E824B21AD40025E230 /* Resources */,
				DACA38E724B21ACD0025E230 /* Sources */,
			);
			path = Status;
			sourceTree = "<group>";
		};
		DACA38E424B2174A0025E230 /* Mypage */ = {
			isa = PBXGroup;
			children = (
				DACA38E624B217970025E230 /* Sources */,
				DACA38E524B2178C0025E230 /* Resources */,
			);
			path = Mypage;
			sourceTree = "<group>";
		};
		DACA38E524B2178C0025E230 /* Resources */ = {
			isa = PBXGroup;
			children = (
				DACA38F324B226BD0025E230 /* Storyboards */,
			);
			path = Resources;
			sourceTree = "<group>";
		};
		DACA38E624B217970025E230 /* Sources */ = {
			isa = PBXGroup;
			children = (
				DACA38F524B226DA0025E230 /* ViewControllers */,
			);
			path = Sources;
			sourceTree = "<group>";
		};
		DACA38E724B21ACD0025E230 /* Sources */ = {
			isa = PBXGroup;
			children = (
				DACA38F124B2268A0025E230 /* ViewControllers */,
				CC1233D224B363AC0049F7A4 /* StatusHsCell.swift */,
				CC1233D424B45F200049F7A4 /* StatusInformation.swift */,
			);
			path = Sources;
			sourceTree = "<group>";
		};
		DACA38E824B21AD40025E230 /* Resources */ = {
			isa = PBXGroup;
			children = (
				DACA38F424B226CF0025E230 /* Storyboards */,
			);
			path = Resources;
			sourceTree = "<group>";
		};
		DACA38E924B21ADB0025E230 /* Sources */ = {
			isa = PBXGroup;
			children = (
				DA95BDA624B38A0800BC1F60 /* Cells */,
				DACA38F724B227C10025E230 /* ViewControllers */,
			);
			path = Sources;
			sourceTree = "<group>";
		};
		DACA38EA24B226350025E230 /* Resources */ = {
			isa = PBXGroup;
			children = (
				DACA38F624B227B70025E230 /* Storyboards */,
			);
			path = Resources;
			sourceTree = "<group>";
		};
		DACA38EB24B2263F0025E230 /* Sources */ = {
			isa = PBXGroup;
			children = (
				DA95BD9F24B2DA5300BC1F60 /* Cells */,
				DACA391D24B2BFB70025E230 /* Views */,
				DACA390324B2314F0025E230 /* ViewControllers */,
			);
			path = Sources;
			sourceTree = "<group>";
		};
		DACA38EC24B226490025E230 /* Resources */ = {
			isa = PBXGroup;
			children = (
				DACA390224B231490025E230 /* Storyboards */,
			);
			path = Resources;
			sourceTree = "<group>";
		};
		DACA38ED24B2264E0025E230 /* Sources */ = {
			isa = PBXGroup;
			children = (
				DACA38FC24B22CA00025E230 /* ViewControllers */,
			);
			path = Sources;
			sourceTree = "<group>";
		};
		DACA38EE24B226540025E230 /* Resources */ = {
			isa = PBXGroup;
			children = (
				DACA38FD24B22CA90025E230 /* Storyboards */,
			);
			path = Resources;
			sourceTree = "<group>";
		};
		DACA38EF24B2265C0025E230 /* Sources */ = {
			isa = PBXGroup;
			children = (
				DACA391524B23AB30025E230 /* ViewControllers */,
			);
			path = Sources;
			sourceTree = "<group>";
		};
		DACA38F024B226620025E230 /* Resources */ = {
			isa = PBXGroup;
			children = (
				DACA391624B23ABD0025E230 /* Storyboards */,
			);
			path = Resources;
			sourceTree = "<group>";
		};
		DACA38F124B2268A0025E230 /* ViewControllers */ = {
			isa = PBXGroup;
			children = (
				DACA390D24B231AE0025E230 /* StatusViewController.swift */,
				CC1233D024B354830049F7A4 /* StatusHsViewController.swift */,
				CC1233D624B47FE50049F7A4 /* CancelOrderViewController.swift */,
			);
			name = ViewControllers;
			path = ../ViewControllers;
			sourceTree = "<group>";
		};
		DACA38F324B226BD0025E230 /* Storyboards */ = {
			isa = PBXGroup;
			children = (
				DACA391124B231F40025E230 /* MyPage.storyboard */,
			);
			path = Storyboards;
			sourceTree = "<group>";
		};
		DACA38F424B226CF0025E230 /* Storyboards */ = {
			isa = PBXGroup;
			children = (
				DACA390F24B231E20025E230 /* Status.storyboard */,
				CC1233CE24B3544D0049F7A4 /* StatusHs.storyboard */,
			);
			path = Storyboards;
			sourceTree = "<group>";
		};
		DACA38F524B226DA0025E230 /* ViewControllers */ = {
			isa = PBXGroup;
			children = (
				DACA391324B232020025E230 /* MyPageViewController.swift */,
			);
			name = ViewControllers;
			path = ../../Status/Sources/ViewControllers;
			sourceTree = "<group>";
		};
		DACA38F624B227B70025E230 /* Storyboards */ = {
			isa = PBXGroup;
			children = (
				DACA390824B231880025E230 /* Order.storyboard */,
				CC1233D824B4B0040049F7A4 /* OrderHs.storyboard */,
			);
			path = Storyboards;
			sourceTree = "<group>";
		};
		DACA38F724B227C10025E230 /* ViewControllers */ = {
			isa = PBXGroup;
			children = (
				DACA390A24B231970025E230 /* OrderViewController.swift */,
				DA95BDA424B3623A00BC1F60 /* WaitingListViewController.swift */,
				CC18782A24B60AF700830F0E /* OrderHsViewController.swift */,
				CC18782C24B61FAA00830F0E /* ChangeRangeViewController.swift */,
				CC18782E24B63BD800830F0E /* ChangePagesViewController.swift */,
				DA6D64D824B644E200215BE4 /* testViewController.swift */,
				CC3AB86124B6671D0007662E /* PayViewController.swift */,
				CC28996024BB212F00F9C822 /* ShowOptionViewController.swift */,
			);
			path = ViewControllers;
			sourceTree = "<group>";
		};
		DACA38FC24B22CA00025E230 /* ViewControllers */ = {
			isa = PBXGroup;
			children = (
				DACA390024B22D410025E230 /* HomeViewController.swift */,
			);
			path = ViewControllers;
			sourceTree = "<group>";
		};
		DACA38FD24B22CA90025E230 /* Storyboards */ = {
			isa = PBXGroup;
			children = (
				DACA38FE24B22D0C0025E230 /* Home.storyboard */,
			);
			path = Storyboards;
			sourceTree = "<group>";
		};
		DACA390224B231490025E230 /* Storyboards */ = {
			isa = PBXGroup;
			children = (
				DACA390624B231710025E230 /* Search.storyboard */,
				CCE019E224B2D13A0067F721 /* SearchHs.storyboard */,
			);
			path = Storyboards;
			sourceTree = "<group>";
		};
		DACA390324B2314F0025E230 /* ViewControllers */ = {
			isa = PBXGroup;
			children = (
				DACA390424B231640025E230 /* SearchViewController.swift */,
				CCE019E624B2D7CA0067F721 /* StoreDetailViewController.swift */,
				DACA391B24B2BAEA0025E230 /* UnivSelectViewController.swift */,
				CCE019E424B2D1CB0067F721 /* MapViewController.swift */,
			);
			path = ViewControllers;
			sourceTree = "<group>";
		};
		DACA391524B23AB30025E230 /* ViewControllers */ = {
			isa = PBXGroup;
			children = (
				DACA391724B23ADA0025E230 /* LogInViewController.swift */,
				DA6897A424BAA3FA009E3BB5 /* SignUpViewController.swift */,
			);
			path = ViewControllers;
			sourceTree = "<group>";
		};
		DACA391624B23ABD0025E230 /* Storyboards */ = {
			isa = PBXGroup;
			children = (
				DACA391924B23AEB0025E230 /* LogIn.storyboard */,
			);
			path = Storyboards;
			sourceTree = "<group>";
		};
		DACA391D24B2BFB70025E230 /* Views */ = {
			isa = PBXGroup;
			children = (
				DACA392024B2C0030025E230 /* SnapShotScreen.swift */,
			);
			path = Views;
			sourceTree = "<group>";
		};
/* End PBXGroup section */

/* Begin PBXNativeTarget section */
		DA2BC3FD24AB4BA300013143 /* Booster */ = {
			isa = PBXNativeTarget;
			buildConfigurationList = DA2BC42824AB4BA600013143 /* Build configuration list for PBXNativeTarget "Booster" */;
			buildPhases = (
				6CB7CF3BF00AAC5E3F9DF06D /* [CP] Check Pods Manifest.lock */,
				DA2BC3FA24AB4BA300013143 /* Sources */,
				DA2BC3FB24AB4BA300013143 /* Frameworks */,
				DA2BC3FC24AB4BA300013143 /* Resources */,
				731F476F4CCD22ABE3271A74 /* [CP] Embed Pods Frameworks */,
			);
			buildRules = (
			);
			dependencies = (
			);
			name = Booster;
			productName = Booster;
			productReference = DA2BC3FE24AB4BA300013143 /* Booster.app */;
			productType = "com.apple.product-type.application";
		};
		DA2BC41324AB4BA600013143 /* BoosterTests */ = {
			isa = PBXNativeTarget;
			buildConfigurationList = DA2BC42B24AB4BA600013143 /* Build configuration list for PBXNativeTarget "BoosterTests" */;
			buildPhases = (
				D600833D7B743779B6986534 /* [CP] Check Pods Manifest.lock */,
				DA2BC41024AB4BA600013143 /* Sources */,
				DA2BC41124AB4BA600013143 /* Frameworks */,
				DA2BC41224AB4BA600013143 /* Resources */,
			);
			buildRules = (
			);
			dependencies = (
				DA2BC41624AB4BA600013143 /* PBXTargetDependency */,
			);
			name = BoosterTests;
			productName = BoosterTests;
			productReference = DA2BC41424AB4BA600013143 /* BoosterTests.xctest */;
			productType = "com.apple.product-type.bundle.unit-test";
		};
		DA2BC41E24AB4BA600013143 /* BoosterUITests */ = {
			isa = PBXNativeTarget;
			buildConfigurationList = DA2BC42E24AB4BA600013143 /* Build configuration list for PBXNativeTarget "BoosterUITests" */;
			buildPhases = (
				3783EFEAE3EF6B8B7B9253FF /* [CP] Check Pods Manifest.lock */,
				DA2BC41B24AB4BA600013143 /* Sources */,
				DA2BC41C24AB4BA600013143 /* Frameworks */,
				DA2BC41D24AB4BA600013143 /* Resources */,
				135D473A6302221093AEE9B4 /* [CP] Embed Pods Frameworks */,
			);
			buildRules = (
			);
			dependencies = (
				DA2BC42124AB4BA600013143 /* PBXTargetDependency */,
			);
			name = BoosterUITests;
			productName = BoosterUITests;
			productReference = DA2BC41F24AB4BA600013143 /* BoosterUITests.xctest */;
			productType = "com.apple.product-type.bundle.ui-testing";
		};
/* End PBXNativeTarget section */

/* Begin PBXProject section */
		DA2BC3F624AB4BA300013143 /* Project object */ = {
			isa = PBXProject;
			attributes = {
				LastSwiftUpdateCheck = 1150;
				LastUpgradeCheck = 1150;
				ORGANIZATIONNAME = kimtaehoon;
				TargetAttributes = {
					DA2BC3FD24AB4BA300013143 = {
						CreatedOnToolsVersion = 11.5;
					};
					DA2BC41324AB4BA600013143 = {
						CreatedOnToolsVersion = 11.5;
						TestTargetID = DA2BC3FD24AB4BA300013143;
					};
					DA2BC41E24AB4BA600013143 = {
						CreatedOnToolsVersion = 11.5;
						TestTargetID = DA2BC3FD24AB4BA300013143;
					};
				};
			};
			buildConfigurationList = DA2BC3F924AB4BA300013143 /* Build configuration list for PBXProject "Booster" */;
			compatibilityVersion = "Xcode 9.3";
			developmentRegion = en;
			hasScannedForEncodings = 0;
			knownRegions = (
				en,
				Base,
			);
			mainGroup = DA2BC3F524AB4BA300013143;
			productRefGroup = DA2BC3FF24AB4BA300013143 /* Products */;
			projectDirPath = "";
			projectRoot = "";
			targets = (
				DA2BC3FD24AB4BA300013143 /* Booster */,
				DA2BC41324AB4BA600013143 /* BoosterTests */,
				DA2BC41E24AB4BA600013143 /* BoosterUITests */,
			);
		};
/* End PBXProject section */

/* Begin PBXResourcesBuildPhase section */
		DA2BC3FC24AB4BA300013143 /* Resources */ = {
			isa = PBXResourcesBuildPhase;
			buildActionMask = 2147483647;
			files = (
				DA2BC40E24AB4BA600013143 /* LaunchScreen.storyboard in Resources */,
				DACA38FF24B22D0C0025E230 /* Home.storyboard in Resources */,
				DA2BC40B24AB4BA600013143 /* Assets.xcassets in Resources */,
				DACA391224B231F40025E230 /* MyPage.storyboard in Resources */,
				CC1233D924B4B0040049F7A4 /* OrderHs.storyboard in Resources */,
				DACA391024B231E20025E230 /* Status.storyboard in Resources */,
				DACA390924B231880025E230 /* Order.storyboard in Resources */,
				DACA390724B231710025E230 /* Search.storyboard in Resources */,
				DACA391A24B23AEB0025E230 /* LogIn.storyboard in Resources */,
				DACA38F924B229650025E230 /* mainTab.storyboard in Resources */,
				CC1233CF24B3544D0049F7A4 /* StatusHs.storyboard in Resources */,
				CCE019E324B2D13A0067F721 /* SearchHs.storyboard in Resources */,
			);
			runOnlyForDeploymentPostprocessing = 0;
		};
		DA2BC41224AB4BA600013143 /* Resources */ = {
			isa = PBXResourcesBuildPhase;
			buildActionMask = 2147483647;
			files = (
			);
			runOnlyForDeploymentPostprocessing = 0;
		};
		DA2BC41D24AB4BA600013143 /* Resources */ = {
			isa = PBXResourcesBuildPhase;
			buildActionMask = 2147483647;
			files = (
			);
			runOnlyForDeploymentPostprocessing = 0;
		};
/* End PBXResourcesBuildPhase section */

/* Begin PBXShellScriptBuildPhase section */
		135D473A6302221093AEE9B4 /* [CP] Embed Pods Frameworks */ = {
			isa = PBXShellScriptBuildPhase;
			buildActionMask = 2147483647;
			files = (
			);
			inputFileListPaths = (
				"${PODS_ROOT}/Target Support Files/Pods-Booster-BoosterUITests/Pods-Booster-BoosterUITests-frameworks-${CONFIGURATION}-input-files.xcfilelist",
			);
			name = "[CP] Embed Pods Frameworks";
			outputFileListPaths = (
				"${PODS_ROOT}/Target Support Files/Pods-Booster-BoosterUITests/Pods-Booster-BoosterUITests-frameworks-${CONFIGURATION}-output-files.xcfilelist",
			);
			runOnlyForDeploymentPostprocessing = 0;
			shellPath = /bin/sh;
			shellScript = "\"${PODS_ROOT}/Target Support Files/Pods-Booster-BoosterUITests/Pods-Booster-BoosterUITests-frameworks.sh\"\n";
			showEnvVarsInLog = 0;
		};
		3783EFEAE3EF6B8B7B9253FF /* [CP] Check Pods Manifest.lock */ = {
			isa = PBXShellScriptBuildPhase;
			buildActionMask = 2147483647;
			files = (
			);
			inputFileListPaths = (
			);
			inputPaths = (
				"${PODS_PODFILE_DIR_PATH}/Podfile.lock",
				"${PODS_ROOT}/Manifest.lock",
			);
			name = "[CP] Check Pods Manifest.lock";
			outputFileListPaths = (
			);
			outputPaths = (
				"$(DERIVED_FILE_DIR)/Pods-Booster-BoosterUITests-checkManifestLockResult.txt",
			);
			runOnlyForDeploymentPostprocessing = 0;
			shellPath = /bin/sh;
			shellScript = "diff \"${PODS_PODFILE_DIR_PATH}/Podfile.lock\" \"${PODS_ROOT}/Manifest.lock\" > /dev/null\nif [ $? != 0 ] ; then\n    # print error to STDERR\n    echo \"error: The sandbox is not in sync with the Podfile.lock. Run 'pod install' or update your CocoaPods installation.\" >&2\n    exit 1\nfi\n# This output is used by Xcode 'outputs' to avoid re-running this script phase.\necho \"SUCCESS\" > \"${SCRIPT_OUTPUT_FILE_0}\"\n";
			showEnvVarsInLog = 0;
		};
		6CB7CF3BF00AAC5E3F9DF06D /* [CP] Check Pods Manifest.lock */ = {
			isa = PBXShellScriptBuildPhase;
			buildActionMask = 2147483647;
			files = (
			);
			inputFileListPaths = (
			);
			inputPaths = (
				"${PODS_PODFILE_DIR_PATH}/Podfile.lock",
				"${PODS_ROOT}/Manifest.lock",
			);
			name = "[CP] Check Pods Manifest.lock";
			outputFileListPaths = (
			);
			outputPaths = (
				"$(DERIVED_FILE_DIR)/Pods-Booster-checkManifestLockResult.txt",
			);
			runOnlyForDeploymentPostprocessing = 0;
			shellPath = /bin/sh;
			shellScript = "diff \"${PODS_PODFILE_DIR_PATH}/Podfile.lock\" \"${PODS_ROOT}/Manifest.lock\" > /dev/null\nif [ $? != 0 ] ; then\n    # print error to STDERR\n    echo \"error: The sandbox is not in sync with the Podfile.lock. Run 'pod install' or update your CocoaPods installation.\" >&2\n    exit 1\nfi\n# This output is used by Xcode 'outputs' to avoid re-running this script phase.\necho \"SUCCESS\" > \"${SCRIPT_OUTPUT_FILE_0}\"\n";
			showEnvVarsInLog = 0;
		};
		731F476F4CCD22ABE3271A74 /* [CP] Embed Pods Frameworks */ = {
			isa = PBXShellScriptBuildPhase;
			buildActionMask = 2147483647;
			files = (
			);
			inputFileListPaths = (
				"${PODS_ROOT}/Target Support Files/Pods-Booster/Pods-Booster-frameworks-${CONFIGURATION}-input-files.xcfilelist",
			);
			name = "[CP] Embed Pods Frameworks";
			outputFileListPaths = (
				"${PODS_ROOT}/Target Support Files/Pods-Booster/Pods-Booster-frameworks-${CONFIGURATION}-output-files.xcfilelist",
			);
			runOnlyForDeploymentPostprocessing = 0;
			shellPath = /bin/sh;
			shellScript = "\"${PODS_ROOT}/Target Support Files/Pods-Booster/Pods-Booster-frameworks.sh\"\n";
			showEnvVarsInLog = 0;
		};
		D600833D7B743779B6986534 /* [CP] Check Pods Manifest.lock */ = {
			isa = PBXShellScriptBuildPhase;
			buildActionMask = 2147483647;
			files = (
			);
			inputFileListPaths = (
			);
			inputPaths = (
				"${PODS_PODFILE_DIR_PATH}/Podfile.lock",
				"${PODS_ROOT}/Manifest.lock",
			);
			name = "[CP] Check Pods Manifest.lock";
			outputFileListPaths = (
			);
			outputPaths = (
				"$(DERIVED_FILE_DIR)/Pods-BoosterTests-checkManifestLockResult.txt",
			);
			runOnlyForDeploymentPostprocessing = 0;
			shellPath = /bin/sh;
			shellScript = "diff \"${PODS_PODFILE_DIR_PATH}/Podfile.lock\" \"${PODS_ROOT}/Manifest.lock\" > /dev/null\nif [ $? != 0 ] ; then\n    # print error to STDERR\n    echo \"error: The sandbox is not in sync with the Podfile.lock. Run 'pod install' or update your CocoaPods installation.\" >&2\n    exit 1\nfi\n# This output is used by Xcode 'outputs' to avoid re-running this script phase.\necho \"SUCCESS\" > \"${SCRIPT_OUTPUT_FILE_0}\"\n";
			showEnvVarsInLog = 0;
		};
/* End PBXShellScriptBuildPhase section */

/* Begin PBXSourcesBuildPhase section */
		DA2BC3FA24AB4BA300013143 /* Sources */ = {
			isa = PBXSourcesBuildPhase;
			buildActionMask = 2147483647;
			files = (
				DA6897A524BAA3FA009E3BB5 /* SignUpViewController.swift in Sources */,
				DACA392124B2C0030025E230 /* SnapShotScreen.swift in Sources */,
				DA95BDA324B2FB7300BC1F60 /* univTableViewCell.swift in Sources */,
				DACA390E24B231AE0025E230 /* StatusViewController.swift in Sources */,
				CC18782F24B63BD800830F0E /* ChangePagesViewController.swift in Sources */,
				CC1233D324B363AC0049F7A4 /* StatusHsCell.swift in Sources */,
				CC18782D24B61FAA00830F0E /* ChangeRangeViewController.swift in Sources */,
				DACA391424B232020025E230 /* MyPageViewController.swift in Sources */,
				DACA391824B23ADA0025E230 /* LogInViewController.swift in Sources */,
				DAD179A924B5824E009BFECC /* AddCollectionViewCell.swift in Sources */,
				CC28996124BB212F00F9C822 /* ShowOptionViewController.swift in Sources */,
				DAD179A524B58226009BFECC /* WaitCollectionViewHeader.swift in Sources */,
				DA95BDA124B2DA7D00BC1F60 /* StoreCollectionViewCell.swift in Sources */,
				DACA390524B231640025E230 /* SearchViewController.swift in Sources */,
				CC1233D124B354830049F7A4 /* StatusHsViewController.swift in Sources */,
				CC18782B24B60AF700830F0E /* OrderHsViewController.swift in Sources */,
				DACB87C724B6FE2B006E0AED /* EmptyCollectionViewCell.swift in Sources */,
				DACA390124B22D410025E230 /* HomeViewController.swift in Sources */,
				CC18782924B6085600830F0E /* StructModels.swift in Sources */,
				DACA390B24B231970025E230 /* OrderViewController.swift in Sources */,
				CC1233D724B47FE50049F7A4 /* CancelOrderViewController.swift in Sources */,
				DAC4D1CD24B4A8AA0025EC1C /* OrderCollectionViewCell.swift in Sources */,
				CCE019E524B2D1CB0067F721 /* MapViewController.swift in Sources */,
				DA2BC40224AB4BA300013143 /* AppDelegate.swift in Sources */,
				CC3AB86024B666F30007662E /* PayTableViewCell.swift in Sources */,
				DACA38FB24B22A5E0025E230 /* MainTabBarController.swift in Sources */,
				DAD179A724B5823E009BFECC /* WaitCollectionViewCell.swift in Sources */,
				DAD179A324B4BF40009BFECC /* OrderCollectionViewHeader.swift in Sources */,
				DA6D64D924B644E200215BE4 /* testViewController.swift in Sources */,
				CC1233D524B45F200049F7A4 /* StatusInformation.swift in Sources */,
				CC3AB86224B6671D0007662E /* PayViewController.swift in Sources */,
				CCE019E724B2D7CA0067F721 /* StoreDetailViewController.swift in Sources */,
				DACA391C24B2BAEA0025E230 /* UnivSelectViewController.swift in Sources */,
				DA95BDA524B3623A00BC1F60 /* WaitingListViewController.swift in Sources */,
				DACB87C524B6C532006E0AED /* APIConstraints.swift in Sources */,
				DA2BC40424AB4BA300013143 /* SceneDelegate.swift in Sources */,
			);
			runOnlyForDeploymentPostprocessing = 0;
		};
		DA2BC41024AB4BA600013143 /* Sources */ = {
			isa = PBXSourcesBuildPhase;
			buildActionMask = 2147483647;
			files = (
				DA2BC41924AB4BA600013143 /* BoosterTests.swift in Sources */,
			);
			runOnlyForDeploymentPostprocessing = 0;
		};
		DA2BC41B24AB4BA600013143 /* Sources */ = {
			isa = PBXSourcesBuildPhase;
			buildActionMask = 2147483647;
			files = (
				DA2BC42424AB4BA600013143 /* BoosterUITests.swift in Sources */,
			);
			runOnlyForDeploymentPostprocessing = 0;
		};
/* End PBXSourcesBuildPhase section */

/* Begin PBXTargetDependency section */
		DA2BC41624AB4BA600013143 /* PBXTargetDependency */ = {
			isa = PBXTargetDependency;
			target = DA2BC3FD24AB4BA300013143 /* Booster */;
			targetProxy = DA2BC41524AB4BA600013143 /* PBXContainerItemProxy */;
		};
		DA2BC42124AB4BA600013143 /* PBXTargetDependency */ = {
			isa = PBXTargetDependency;
			target = DA2BC3FD24AB4BA300013143 /* Booster */;
			targetProxy = DA2BC42024AB4BA600013143 /* PBXContainerItemProxy */;
		};
/* End PBXTargetDependency section */

/* Begin PBXVariantGroup section */
		DA2BC40C24AB4BA600013143 /* LaunchScreen.storyboard */ = {
			isa = PBXVariantGroup;
			children = (
				DA2BC40D24AB4BA600013143 /* Base */,
			);
			name = LaunchScreen.storyboard;
			sourceTree = "<group>";
		};
/* End PBXVariantGroup section */

/* Begin XCBuildConfiguration section */
		DA2BC42624AB4BA600013143 /* Debug */ = {
			isa = XCBuildConfiguration;
			buildSettings = {
				ALWAYS_SEARCH_USER_PATHS = NO;
				CLANG_ANALYZER_NONNULL = YES;
				CLANG_ANALYZER_NUMBER_OBJECT_CONVERSION = YES_AGGRESSIVE;
				CLANG_CXX_LANGUAGE_STANDARD = "gnu++14";
				CLANG_CXX_LIBRARY = "libc++";
				CLANG_ENABLE_MODULES = YES;
				CLANG_ENABLE_OBJC_ARC = YES;
				CLANG_ENABLE_OBJC_WEAK = YES;
				CLANG_WARN_BLOCK_CAPTURE_AUTORELEASING = YES;
				CLANG_WARN_BOOL_CONVERSION = YES;
				CLANG_WARN_COMMA = YES;
				CLANG_WARN_CONSTANT_CONVERSION = YES;
				CLANG_WARN_DEPRECATED_OBJC_IMPLEMENTATIONS = YES;
				CLANG_WARN_DIRECT_OBJC_ISA_USAGE = YES_ERROR;
				CLANG_WARN_DOCUMENTATION_COMMENTS = YES;
				CLANG_WARN_EMPTY_BODY = YES;
				CLANG_WARN_ENUM_CONVERSION = YES;
				CLANG_WARN_INFINITE_RECURSION = YES;
				CLANG_WARN_INT_CONVERSION = YES;
				CLANG_WARN_NON_LITERAL_NULL_CONVERSION = YES;
				CLANG_WARN_OBJC_IMPLICIT_RETAIN_SELF = YES;
				CLANG_WARN_OBJC_LITERAL_CONVERSION = YES;
				CLANG_WARN_OBJC_ROOT_CLASS = YES_ERROR;
				CLANG_WARN_RANGE_LOOP_ANALYSIS = YES;
				CLANG_WARN_STRICT_PROTOTYPES = YES;
				CLANG_WARN_SUSPICIOUS_MOVE = YES;
				CLANG_WARN_UNGUARDED_AVAILABILITY = YES_AGGRESSIVE;
				CLANG_WARN_UNREACHABLE_CODE = YES;
				CLANG_WARN__DUPLICATE_METHOD_MATCH = YES;
				COPY_PHASE_STRIP = NO;
				DEBUG_INFORMATION_FORMAT = dwarf;
				ENABLE_STRICT_OBJC_MSGSEND = YES;
				ENABLE_TESTABILITY = YES;
				GCC_C_LANGUAGE_STANDARD = gnu11;
				GCC_DYNAMIC_NO_PIC = NO;
				GCC_NO_COMMON_BLOCKS = YES;
				GCC_OPTIMIZATION_LEVEL = 0;
				GCC_PREPROCESSOR_DEFINITIONS = (
					"DEBUG=1",
					"$(inherited)",
				);
				GCC_WARN_64_TO_32_BIT_CONVERSION = YES;
				GCC_WARN_ABOUT_RETURN_TYPE = YES_ERROR;
				GCC_WARN_UNDECLARED_SELECTOR = YES;
				GCC_WARN_UNINITIALIZED_AUTOS = YES_AGGRESSIVE;
				GCC_WARN_UNUSED_FUNCTION = YES;
				GCC_WARN_UNUSED_VARIABLE = YES;
				IPHONEOS_DEPLOYMENT_TARGET = 13.5;
				MTL_ENABLE_DEBUG_INFO = INCLUDE_SOURCE;
				MTL_FAST_MATH = YES;
				ONLY_ACTIVE_ARCH = YES;
				SDKROOT = iphoneos;
				SWIFT_ACTIVE_COMPILATION_CONDITIONS = DEBUG;
				SWIFT_OPTIMIZATION_LEVEL = "-Onone";
			};
			name = Debug;
		};
		DA2BC42724AB4BA600013143 /* Release */ = {
			isa = XCBuildConfiguration;
			buildSettings = {
				ALWAYS_SEARCH_USER_PATHS = NO;
				CLANG_ANALYZER_NONNULL = YES;
				CLANG_ANALYZER_NUMBER_OBJECT_CONVERSION = YES_AGGRESSIVE;
				CLANG_CXX_LANGUAGE_STANDARD = "gnu++14";
				CLANG_CXX_LIBRARY = "libc++";
				CLANG_ENABLE_MODULES = YES;
				CLANG_ENABLE_OBJC_ARC = YES;
				CLANG_ENABLE_OBJC_WEAK = YES;
				CLANG_WARN_BLOCK_CAPTURE_AUTORELEASING = YES;
				CLANG_WARN_BOOL_CONVERSION = YES;
				CLANG_WARN_COMMA = YES;
				CLANG_WARN_CONSTANT_CONVERSION = YES;
				CLANG_WARN_DEPRECATED_OBJC_IMPLEMENTATIONS = YES;
				CLANG_WARN_DIRECT_OBJC_ISA_USAGE = YES_ERROR;
				CLANG_WARN_DOCUMENTATION_COMMENTS = YES;
				CLANG_WARN_EMPTY_BODY = YES;
				CLANG_WARN_ENUM_CONVERSION = YES;
				CLANG_WARN_INFINITE_RECURSION = YES;
				CLANG_WARN_INT_CONVERSION = YES;
				CLANG_WARN_NON_LITERAL_NULL_CONVERSION = YES;
				CLANG_WARN_OBJC_IMPLICIT_RETAIN_SELF = YES;
				CLANG_WARN_OBJC_LITERAL_CONVERSION = YES;
				CLANG_WARN_OBJC_ROOT_CLASS = YES_ERROR;
				CLANG_WARN_RANGE_LOOP_ANALYSIS = YES;
				CLANG_WARN_STRICT_PROTOTYPES = YES;
				CLANG_WARN_SUSPICIOUS_MOVE = YES;
				CLANG_WARN_UNGUARDED_AVAILABILITY = YES_AGGRESSIVE;
				CLANG_WARN_UNREACHABLE_CODE = YES;
				CLANG_WARN__DUPLICATE_METHOD_MATCH = YES;
				COPY_PHASE_STRIP = NO;
				DEBUG_INFORMATION_FORMAT = "dwarf-with-dsym";
				ENABLE_NS_ASSERTIONS = NO;
				ENABLE_STRICT_OBJC_MSGSEND = YES;
				GCC_C_LANGUAGE_STANDARD = gnu11;
				GCC_NO_COMMON_BLOCKS = YES;
				GCC_WARN_64_TO_32_BIT_CONVERSION = YES;
				GCC_WARN_ABOUT_RETURN_TYPE = YES_ERROR;
				GCC_WARN_UNDECLARED_SELECTOR = YES;
				GCC_WARN_UNINITIALIZED_AUTOS = YES_AGGRESSIVE;
				GCC_WARN_UNUSED_FUNCTION = YES;
				GCC_WARN_UNUSED_VARIABLE = YES;
				IPHONEOS_DEPLOYMENT_TARGET = 13.5;
				MTL_ENABLE_DEBUG_INFO = NO;
				MTL_FAST_MATH = YES;
				SDKROOT = iphoneos;
				SWIFT_COMPILATION_MODE = wholemodule;
				SWIFT_OPTIMIZATION_LEVEL = "-O";
				VALIDATE_PRODUCT = YES;
			};
			name = Release;
		};
		DA2BC42924AB4BA600013143 /* Debug */ = {
			isa = XCBuildConfiguration;
			baseConfigurationReference = 310FAB17DD96284C91015CD2 /* Pods-Booster.debug.xcconfig */;
			buildSettings = {
				ASSETCATALOG_COMPILER_APPICON_NAME = AppIcon;
				CODE_SIGN_ENTITLEMENTS = Booster/BoosterDebug.entitlements;
				CODE_SIGN_STYLE = Automatic;
				DEVELOPMENT_TEAM = 7Y3Y9M4N4F;
				INFOPLIST_FILE = Booster/Info.plist;
				IPHONEOS_DEPLOYMENT_TARGET = 13.5;
				LD_RUNPATH_SEARCH_PATHS = (
					"$(inherited)",
					"@executable_path/Frameworks",
				);
				PRODUCT_BUNDLE_IDENTIFIER = com.booster.Booster;
				PRODUCT_NAME = "$(TARGET_NAME)";
				SWIFT_VERSION = 5.0;
				TARGETED_DEVICE_FAMILY = "1,2";
			};
			name = Debug;
		};
		DA2BC42A24AB4BA600013143 /* Release */ = {
			isa = XCBuildConfiguration;
			baseConfigurationReference = EA9E906D8C1B39603966245B /* Pods-Booster.release.xcconfig */;
			buildSettings = {
				ASSETCATALOG_COMPILER_APPICON_NAME = AppIcon;
				CODE_SIGN_STYLE = Automatic;
				DEVELOPMENT_TEAM = 7Y3Y9M4N4F;
				INFOPLIST_FILE = Booster/Info.plist;
				IPHONEOS_DEPLOYMENT_TARGET = 13.5;
				LD_RUNPATH_SEARCH_PATHS = (
					"$(inherited)",
					"@executable_path/Frameworks",
				);
				PRODUCT_BUNDLE_IDENTIFIER = com.booster.Booster;
				PRODUCT_NAME = "$(TARGET_NAME)";
				SWIFT_VERSION = 5.0;
				TARGETED_DEVICE_FAMILY = "1,2";
			};
			name = Release;
		};
		DA2BC42C24AB4BA600013143 /* Debug */ = {
			isa = XCBuildConfiguration;
			baseConfigurationReference = 0492869B94BAE57E36EB3D97 /* Pods-BoosterTests.debug.xcconfig */;
			buildSettings = {
				ALWAYS_EMBED_SWIFT_STANDARD_LIBRARIES = YES;
				BUNDLE_LOADER = "$(TEST_HOST)";
				CODE_SIGN_STYLE = Automatic;
				DEVELOPMENT_TEAM = 7Y3Y9M4N4F;
				INFOPLIST_FILE = BoosterTests/Info.plist;
				IPHONEOS_DEPLOYMENT_TARGET = 13.5;
				LD_RUNPATH_SEARCH_PATHS = (
					"$(inherited)",
					"@executable_path/Frameworks",
					"@loader_path/Frameworks",
				);
				PRODUCT_BUNDLE_IDENTIFIER = com.booster.BoosterTests;
				PRODUCT_NAME = "$(TARGET_NAME)";
				SWIFT_VERSION = 5.0;
				TARGETED_DEVICE_FAMILY = "1,2";
				TEST_HOST = "$(BUILT_PRODUCTS_DIR)/Booster.app/Booster";
			};
			name = Debug;
		};
		DA2BC42D24AB4BA600013143 /* Release */ = {
			isa = XCBuildConfiguration;
			baseConfigurationReference = B4FE09C82524C313ED6A8771 /* Pods-BoosterTests.release.xcconfig */;
			buildSettings = {
				ALWAYS_EMBED_SWIFT_STANDARD_LIBRARIES = YES;
				BUNDLE_LOADER = "$(TEST_HOST)";
				CODE_SIGN_STYLE = Automatic;
				DEVELOPMENT_TEAM = 7Y3Y9M4N4F;
				INFOPLIST_FILE = BoosterTests/Info.plist;
				IPHONEOS_DEPLOYMENT_TARGET = 13.5;
				LD_RUNPATH_SEARCH_PATHS = (
					"$(inherited)",
					"@executable_path/Frameworks",
					"@loader_path/Frameworks",
				);
				PRODUCT_BUNDLE_IDENTIFIER = com.booster.BoosterTests;
				PRODUCT_NAME = "$(TARGET_NAME)";
				SWIFT_VERSION = 5.0;
				TARGETED_DEVICE_FAMILY = "1,2";
				TEST_HOST = "$(BUILT_PRODUCTS_DIR)/Booster.app/Booster";
			};
			name = Release;
		};
		DA2BC42F24AB4BA600013143 /* Debug */ = {
			isa = XCBuildConfiguration;
			baseConfigurationReference = 10AECF3E9E0951BF74B5AA70 /* Pods-Booster-BoosterUITests.debug.xcconfig */;
			buildSettings = {
				ALWAYS_EMBED_SWIFT_STANDARD_LIBRARIES = YES;
				CODE_SIGN_STYLE = Automatic;
				DEVELOPMENT_TEAM = 7Y3Y9M4N4F;
				INFOPLIST_FILE = BoosterUITests/Info.plist;
				LD_RUNPATH_SEARCH_PATHS = (
					"$(inherited)",
					"@executable_path/Frameworks",
					"@loader_path/Frameworks",
				);
				PRODUCT_BUNDLE_IDENTIFIER = com.booster.BoosterUITests;
				PRODUCT_NAME = "$(TARGET_NAME)";
				SWIFT_VERSION = 5.0;
				TARGETED_DEVICE_FAMILY = "1,2";
				TEST_TARGET_NAME = Booster;
			};
			name = Debug;
		};
		DA2BC43024AB4BA600013143 /* Release */ = {
			isa = XCBuildConfiguration;
			baseConfigurationReference = A60AF9142B5D7975299C506E /* Pods-Booster-BoosterUITests.release.xcconfig */;
			buildSettings = {
				ALWAYS_EMBED_SWIFT_STANDARD_LIBRARIES = YES;
				CODE_SIGN_STYLE = Automatic;
				DEVELOPMENT_TEAM = 7Y3Y9M4N4F;
				INFOPLIST_FILE = BoosterUITests/Info.plist;
				LD_RUNPATH_SEARCH_PATHS = (
					"$(inherited)",
					"@executable_path/Frameworks",
					"@loader_path/Frameworks",
				);
				PRODUCT_BUNDLE_IDENTIFIER = com.booster.BoosterUITests;
				PRODUCT_NAME = "$(TARGET_NAME)";
				SWIFT_VERSION = 5.0;
				TARGETED_DEVICE_FAMILY = "1,2";
				TEST_TARGET_NAME = Booster;
			};
			name = Release;
		};
/* End XCBuildConfiguration section */

/* Begin XCConfigurationList section */
		DA2BC3F924AB4BA300013143 /* Build configuration list for PBXProject "Booster" */ = {
			isa = XCConfigurationList;
			buildConfigurations = (
				DA2BC42624AB4BA600013143 /* Debug */,
				DA2BC42724AB4BA600013143 /* Release */,
			);
			defaultConfigurationIsVisible = 0;
			defaultConfigurationName = Release;
		};
		DA2BC42824AB4BA600013143 /* Build configuration list for PBXNativeTarget "Booster" */ = {
			isa = XCConfigurationList;
			buildConfigurations = (
				DA2BC42924AB4BA600013143 /* Debug */,
				DA2BC42A24AB4BA600013143 /* Release */,
			);
			defaultConfigurationIsVisible = 0;
			defaultConfigurationName = Release;
		};
		DA2BC42B24AB4BA600013143 /* Build configuration list for PBXNativeTarget "BoosterTests" */ = {
			isa = XCConfigurationList;
			buildConfigurations = (
				DA2BC42C24AB4BA600013143 /* Debug */,
				DA2BC42D24AB4BA600013143 /* Release */,
			);
			defaultConfigurationIsVisible = 0;
			defaultConfigurationName = Release;
		};
		DA2BC42E24AB4BA600013143 /* Build configuration list for PBXNativeTarget "BoosterUITests" */ = {
			isa = XCConfigurationList;
			buildConfigurations = (
				DA2BC42F24AB4BA600013143 /* Debug */,
				DA2BC43024AB4BA600013143 /* Release */,
			);
			defaultConfigurationIsVisible = 0;
			defaultConfigurationName = Release;
		};
/* End XCConfigurationList section */
	};
	rootObject = DA2BC3F624AB4BA300013143 /* Project object */;
}
